// !$*UTF8*$!
{
	archiveVersion = 1;
	classes = {
	};
	objectVersion = 46;
	objects = {

/* Begin PBXBuildFile section */
		280CE18E1F70E18D0083193C /* ListCell.swift in Sources */ = {isa = PBXBuildFile; fileRef = 280CE18D1F70E18D0083193C /* ListCell.swift */; };
		282288FC1F71884F009995A5 /* DataService.swift in Sources */ = {isa = PBXBuildFile; fileRef = 282288FB1F71884F009995A5 /* DataService.swift */; };
		282288FE1F71886D009995A5 /* Book.swift in Sources */ = {isa = PBXBuildFile; fileRef = 282288FD1F71886D009995A5 /* Book.swift */; };
		282289001F7188C7009995A5 /* DataStorage.swift in Sources */ = {isa = PBXBuildFile; fileRef = 282288FF1F7188C7009995A5 /* DataStorage.swift */; };
		282289031F71A54B009995A5 /* DetailVC.swift in Sources */ = {isa = PBXBuildFile; fileRef = 282289021F71A54B009995A5 /* DetailVC.swift */; };
		282289051F71ABFC009995A5 /* DetailVCDataModel.swift in Sources */ = {isa = PBXBuildFile; fileRef = 282289041F71ABFC009995A5 /* DetailVCDataModel.swift */; };
		282289071F71AE16009995A5 /* ViewControllerFactory.swift in Sources */ = {isa = PBXBuildFile; fileRef = 282289061F71AE16009995A5 /* ViewControllerFactory.swift */; };
		282289091F7230F1009995A5 /* ImageDownloader.swift in Sources */ = {isa = PBXBuildFile; fileRef = 282289081F7230F1009995A5 /* ImageDownloader.swift */; };
		28BB2F581F7045E200C49A70 /* AppDelegate.swift in Sources */ = {isa = PBXBuildFile; fileRef = 28BB2F571F7045E200C49A70 /* AppDelegate.swift */; };
		28BB2F5D1F7045E200C49A70 /* Main.storyboard in Resources */ = {isa = PBXBuildFile; fileRef = 28BB2F5B1F7045E200C49A70 /* Main.storyboard */; };
		28BB2F5F1F7045E200C49A70 /* Assets.xcassets in Resources */ = {isa = PBXBuildFile; fileRef = 28BB2F5E1F7045E200C49A70 /* Assets.xcassets */; };
		28BB2F621F7045E200C49A70 /* LaunchScreen.storyboard in Resources */ = {isa = PBXBuildFile; fileRef = 28BB2F601F7045E200C49A70 /* LaunchScreen.storyboard */; };
		28BB2F6D1F7045E200C49A70 /* BooksTests.swift in Sources */ = {isa = PBXBuildFile; fileRef = 28BB2F6C1F7045E200C49A70 /* BooksTests.swift */; };
		28BB2F781F70461400C49A70 /* MainInteractor.swift in Sources */ = {isa = PBXBuildFile; fileRef = 28BB2F771F70461400C49A70 /* MainInteractor.swift */; };
		28BB2F7F1F7048A800C49A70 /* ListVC.swift in Sources */ = {isa = PBXBuildFile; fileRef = 28BB2F7E1F7048A800C49A70 /* ListVC.swift */; };
		28BB2F811F7048C800C49A70 /* ListVCDataModel.swift in Sources */ = {isa = PBXBuildFile; fileRef = 28BB2F801F7048C800C49A70 /* ListVCDataModel.swift */; };
		28BB2F831F70494A00C49A70 /* books.json in Resources */ = {isa = PBXBuildFile; fileRef = 28BB2F821F70494A00C49A70 /* books.json */; };
		28ED04A41F72BC9000A2E3E1 /* APIClient.swift in Sources */ = {isa = PBXBuildFile; fileRef = 28ED04A31F72BC9000A2E3E1 /* APIClient.swift */; };
/* End PBXBuildFile section */

/* Begin PBXContainerItemProxy section */
		28BB2F691F7045E200C49A70 /* PBXContainerItemProxy */ = {
			isa = PBXContainerItemProxy;
			containerPortal = 28BB2F4C1F7045E200C49A70 /* Project object */;
			proxyType = 1;
			remoteGlobalIDString = 28BB2F531F7045E200C49A70;
			remoteInfo = Books;
		};
/* End PBXContainerItemProxy section */

/* Begin PBXFileReference section */
		280CE18D1F70E18D0083193C /* ListCell.swift */ = {isa = PBXFileReference; fileEncoding = 4; lastKnownFileType = sourcecode.swift; name = ListCell.swift; path = ListScene/ListCell.swift; sourceTree = "<group>"; };
		282288FB1F71884F009995A5 /* DataService.swift */ = {isa = PBXFileReference; fileEncoding = 4; lastKnownFileType = sourcecode.swift; path = DataService.swift; sourceTree = "<group>"; };
		282288FD1F71886D009995A5 /* Book.swift */ = {isa = PBXFileReference; fileEncoding = 4; lastKnownFileType = sourcecode.swift; path = Book.swift; sourceTree = "<group>"; };
		282288FF1F7188C7009995A5 /* DataStorage.swift */ = {isa = PBXFileReference; fileEncoding = 4; lastKnownFileType = sourcecode.swift; path = DataStorage.swift; sourceTree = "<group>"; };
		282289021F71A54B009995A5 /* DetailVC.swift */ = {isa = PBXFileReference; fileEncoding = 4; lastKnownFileType = sourcecode.swift; name = DetailVC.swift; path = DetailScene/DetailVC.swift; sourceTree = "<group>"; };
		282289041F71ABFC009995A5 /* DetailVCDataModel.swift */ = {isa = PBXFileReference; fileEncoding = 4; lastKnownFileType = sourcecode.swift; name = DetailVCDataModel.swift; path = DetailScene/DetailVCDataModel.swift; sourceTree = "<group>"; };
		282289061F71AE16009995A5 /* ViewControllerFactory.swift */ = {isa = PBXFileReference; fileEncoding = 4; lastKnownFileType = sourcecode.swift; path = ViewControllerFactory.swift; sourceTree = "<group>"; };
		282289081F7230F1009995A5 /* ImageDownloader.swift */ = {isa = PBXFileReference; fileEncoding = 4; lastKnownFileType = sourcecode.swift; path = ImageDownloader.swift; sourceTree = "<group>"; };
		28BB2F541F7045E200C49A70 /* Books.app */ = {isa = PBXFileReference; explicitFileType = wrapper.application; includeInIndex = 0; path = Books.app; sourceTree = BUILT_PRODUCTS_DIR; };
		28BB2F571F7045E200C49A70 /* AppDelegate.swift */ = {isa = PBXFileReference; lastKnownFileType = sourcecode.swift; path = AppDelegate.swift; sourceTree = "<group>"; };
		28BB2F5C1F7045E200C49A70 /* Base */ = {isa = PBXFileReference; lastKnownFileType = file.storyboard; name = Base; path = Base.lproj/Main.storyboard; sourceTree = "<group>"; };
		28BB2F5E1F7045E200C49A70 /* Assets.xcassets */ = {isa = PBXFileReference; lastKnownFileType = folder.assetcatalog; path = Assets.xcassets; sourceTree = "<group>"; };
		28BB2F611F7045E200C49A70 /* Base */ = {isa = PBXFileReference; lastKnownFileType = file.storyboard; name = Base; path = Base.lproj/LaunchScreen.storyboard; sourceTree = "<group>"; };
		28BB2F631F7045E200C49A70 /* Info.plist */ = {isa = PBXFileReference; lastKnownFileType = text.plist.xml; path = Info.plist; sourceTree = "<group>"; };
		28BB2F681F7045E200C49A70 /* BooksTests.xctest */ = {isa = PBXFileReference; explicitFileType = wrapper.cfbundle; includeInIndex = 0; path = BooksTests.xctest; sourceTree = BUILT_PRODUCTS_DIR; };
		28BB2F6C1F7045E200C49A70 /* BooksTests.swift */ = {isa = PBXFileReference; lastKnownFileType = sourcecode.swift; path = BooksTests.swift; sourceTree = "<group>"; };
		28BB2F6E1F7045E200C49A70 /* Info.plist */ = {isa = PBXFileReference; lastKnownFileType = text.plist.xml; path = Info.plist; sourceTree = "<group>"; };
		28BB2F771F70461400C49A70 /* MainInteractor.swift */ = {isa = PBXFileReference; fileEncoding = 4; lastKnownFileType = sourcecode.swift; path = MainInteractor.swift; sourceTree = "<group>"; };
		28BB2F7E1F7048A800C49A70 /* ListVC.swift */ = {isa = PBXFileReference; fileEncoding = 4; lastKnownFileType = sourcecode.swift; name = ListVC.swift; path = ListScene/ListVC.swift; sourceTree = "<group>"; };
		28BB2F801F7048C800C49A70 /* ListVCDataModel.swift */ = {isa = PBXFileReference; fileEncoding = 4; lastKnownFileType = sourcecode.swift; name = ListVCDataModel.swift; path = ListScene/ListVCDataModel.swift; sourceTree = "<group>"; };
		28BB2F821F70494A00C49A70 /* books.json */ = {isa = PBXFileReference; fileEncoding = 4; lastKnownFileType = text.json; path = books.json; sourceTree = "<group>"; };
		28ED04A31F72BC9000A2E3E1 /* APIClient.swift */ = {isa = PBXFileReference; lastKnownFileType = sourcecode.swift; name = APIClient.swift; path = APILayer/APIClient.swift; sourceTree = "<group>"; };
/* End PBXFileReference section */

/* Begin PBXFrameworksBuildPhase section */
		28BB2F511F7045E200C49A70 /* Frameworks */ = {
			isa = PBXFrameworksBuildPhase;
			buildActionMask = 2147483647;
			files = (
			);
			runOnlyForDeploymentPostprocessing = 0;
		};
		28BB2F651F7045E200C49A70 /* Frameworks */ = {
			isa = PBXFrameworksBuildPhase;
			buildActionMask = 2147483647;
			files = (
			);
			runOnlyForDeploymentPostprocessing = 0;
		};
/* End PBXFrameworksBuildPhase section */

/* Begin PBXGroup section */
		282288FA1F71884F009995A5 /* DataLayer */ = {
			isa = PBXGroup;
			children = (
				282288FD1F71886D009995A5 /* Book.swift */,
				282288FB1F71884F009995A5 /* DataService.swift */,
				282288FF1F7188C7009995A5 /* DataStorage.swift */,
				282289081F7230F1009995A5 /* ImageDownloader.swift */,
			);
			path = DataLayer;
			sourceTree = "<group>";
		};
		282289011F71A523009995A5 /* DetailScene */ = {
			isa = PBXGroup;
			children = (
				282289021F71A54B009995A5 /* DetailVC.swift */,
				282289041F71ABFC009995A5 /* DetailVCDataModel.swift */,
			);
			name = DetailScene;
			sourceTree = "<group>";
		};
		28BB2F4B1F7045E200C49A70 = {
			isa = PBXGroup;
			children = (
				28BB2F561F7045E200C49A70 /* Books */,
				28BB2F6B1F7045E200C49A70 /* BooksTests */,
				28BB2F551F7045E200C49A70 /* Products */,
			);
			sourceTree = "<group>";
		};
		28BB2F551F7045E200C49A70 /* Products */ = {
			isa = PBXGroup;
			children = (
				28BB2F541F7045E200C49A70 /* Books.app */,
				28BB2F681F7045E200C49A70 /* BooksTests.xctest */,
			);
			name = Products;
			sourceTree = "<group>";
		};
		28BB2F561F7045E200C49A70 /* Books */ = {
			isa = PBXGroup;
			children = (
				28ED04A21F72BB1000A2E3E1 /* APILayer */,
				282289011F71A523009995A5 /* DetailScene */,
				282288FA1F71884F009995A5 /* DataLayer */,
				28BB2F7B1F70483A00C49A70 /* ListScene */,
				28BB2F571F7045E200C49A70 /* AppDelegate.swift */,
				28BB2F771F70461400C49A70 /* MainInteractor.swift */,
				282289061F71AE16009995A5 /* ViewControllerFactory.swift */,
				28BB2F5B1F7045E200C49A70 /* Main.storyboard */,
				28BB2F5E1F7045E200C49A70 /* Assets.xcassets */,
				28BB2F601F7045E200C49A70 /* LaunchScreen.storyboard */,
				28BB2F631F7045E200C49A70 /* Info.plist */,
				28BB2F821F70494A00C49A70 /* books.json */,
			);
			path = Books;
			sourceTree = "<group>";
		};
		28BB2F6B1F7045E200C49A70 /* BooksTests */ = {
			isa = PBXGroup;
			children = (
				28BB2F6C1F7045E200C49A70 /* BooksTests.swift */,
				28BB2F6E1F7045E200C49A70 /* Info.plist */,
			);
			path = BooksTests;
			sourceTree = "<group>";
		};
		28BB2F7B1F70483A00C49A70 /* ListScene */ = {
			isa = PBXGroup;
			children = (
				28BB2F7E1F7048A800C49A70 /* ListVC.swift */,
				28BB2F801F7048C800C49A70 /* ListVCDataModel.swift */,
				280CE18D1F70E18D0083193C /* ListCell.swift */,
			);
			name = ListScene;
			sourceTree = "<group>";
		};
		28ED04A21F72BB1000A2E3E1 /* APILayer */ = {
			isa = PBXGroup;
			children = (
				28ED04A31F72BC9000A2E3E1 /* APIClient.swift */,
			);
			name = APILayer;
			sourceTree = "<group>";
		};
/* End PBXGroup section */

/* Begin PBXNativeTarget section */
		28BB2F531F7045E200C49A70 /* Books */ = {
			isa = PBXNativeTarget;
			buildConfigurationList = 28BB2F711F7045E200C49A70 /* Build configuration list for PBXNativeTarget "Books" */;
			buildPhases = (
				28BB2F501F7045E200C49A70 /* Sources */,
				28BB2F511F7045E200C49A70 /* Frameworks */,
				28BB2F521F7045E200C49A70 /* Resources */,
			);
			buildRules = (
			);
			dependencies = (
			);
			name = Books;
			productName = Books;
			productReference = 28BB2F541F7045E200C49A70 /* Books.app */;
			productType = "com.apple.product-type.application";
		};
		28BB2F671F7045E200C49A70 /* BooksTests */ = {
			isa = PBXNativeTarget;
			buildConfigurationList = 28BB2F741F7045E200C49A70 /* Build configuration list for PBXNativeTarget "BooksTests" */;
			buildPhases = (
				28BB2F641F7045E200C49A70 /* Sources */,
				28BB2F651F7045E200C49A70 /* Frameworks */,
				28BB2F661F7045E200C49A70 /* Resources */,
			);
			buildRules = (
			);
			dependencies = (
				28BB2F6A1F7045E200C49A70 /* PBXTargetDependency */,
			);
			name = BooksTests;
			productName = BooksTests;
			productReference = 28BB2F681F7045E200C49A70 /* BooksTests.xctest */;
			productType = "com.apple.product-type.bundle.unit-test";
		};
/* End PBXNativeTarget section */

/* Begin PBXProject section */
		28BB2F4C1F7045E200C49A70 /* Project object */ = {
			isa = PBXProject;
			attributes = {
				LastSwiftUpdateCheck = 0830;
				LastUpgradeCheck = 0830;
				ORGANIZATIONNAME = DI;
				TargetAttributes = {
					28BB2F531F7045E200C49A70 = {
						CreatedOnToolsVersion = 8.3.3;
						ProvisioningStyle = Automatic;
					};
					28BB2F671F7045E200C49A70 = {
						CreatedOnToolsVersion = 8.3.3;
						ProvisioningStyle = Automatic;
						TestTargetID = 28BB2F531F7045E200C49A70;
					};
				};
			};
			buildConfigurationList = 28BB2F4F1F7045E200C49A70 /* Build configuration list for PBXProject "Books" */;
			compatibilityVersion = "Xcode 3.2";
			developmentRegion = English;
			hasScannedForEncodings = 0;
			knownRegions = (
				en,
				Base,
			);
			mainGroup = 28BB2F4B1F7045E200C49A70;
			productRefGroup = 28BB2F551F7045E200C49A70 /* Products */;
			projectDirPath = "";
			projectRoot = "";
			targets = (
				28BB2F531F7045E200C49A70 /* Books */,
				28BB2F671F7045E200C49A70 /* BooksTests */,
			);
		};
/* End PBXProject section */

/* Begin PBXResourcesBuildPhase section */
		28BB2F521F7045E200C49A70 /* Resources */ = {
			isa = PBXResourcesBuildPhase;
			buildActionMask = 2147483647;
			files = (
				28BB2F831F70494A00C49A70 /* books.json in Resources */,
				28BB2F621F7045E200C49A70 /* LaunchScreen.storyboard in Resources */,
				28BB2F5F1F7045E200C49A70 /* Assets.xcassets in Resources */,
				28BB2F5D1F7045E200C49A70 /* Main.storyboard in Resources */,
			);
			runOnlyForDeploymentPostprocessing = 0;
		};
		28BB2F661F7045E200C49A70 /* Resources */ = {
			isa = PBXResourcesBuildPhase;
			buildActionMask = 2147483647;
			files = (
			);
			runOnlyForDeploymentPostprocessing = 0;
		};
/* End PBXResourcesBuildPhase section */

/* Begin PBXSourcesBuildPhase section */
		28BB2F501F7045E200C49A70 /* Sources */ = {
			isa = PBXSourcesBuildPhase;
			buildActionMask = 2147483647;
			files = (
				28BB2F7F1F7048A800C49A70 /* ListVC.swift in Sources */,
				28BB2F581F7045E200C49A70 /* AppDelegate.swift in Sources */,
				282288FE1F71886D009995A5 /* Book.swift in Sources */,
				282289001F7188C7009995A5 /* DataStorage.swift in Sources */,
				28BB2F781F70461400C49A70 /* MainInteractor.swift in Sources */,
				282289031F71A54B009995A5 /* DetailVC.swift in Sources */,
				282288FC1F71884F009995A5 /* DataService.swift in Sources */,
				280CE18E1F70E18D0083193C /* ListCell.swift in Sources */,
				28BB2F811F7048C800C49A70 /* ListVCDataModel.swift in Sources */,
				28ED04A41F72BC9000A2E3E1 /* APIClient.swift in Sources */,
				282289051F71ABFC009995A5 /* DetailVCDataModel.swift in Sources */,
				282289091F7230F1009995A5 /* ImageDownloader.swift in Sources */,
				282289071F71AE16009995A5 /* ViewControllerFactory.swift in Sources */,
			);
			runOnlyForDeploymentPostprocessing = 0;
		};
		28BB2F641F7045E200C49A70 /* Sources */ = {
			isa = PBXSourcesBuildPhase;
			buildActionMask = 2147483647;
			files = (
				28BB2F6D1F7045E200C49A70 /* BooksTests.swift in Sources */,
			);
			runOnlyForDeploymentPostprocessing = 0;
		};
/* End PBXSourcesBuildPhase section */

/* Begin PBXTargetDependency section */
		28BB2F6A1F7045E200C49A70 /* PBXTargetDependency */ = {
			isa = PBXTargetDependency;
			target = 28BB2F531F7045E200C49A70 /* Books */;
			targetProxy = 28BB2F691F7045E200C49A70 /* PBXContainerItemProxy */;
		};
/* End PBXTargetDependency section */

/* Begin PBXVariantGroup section */
		28BB2F5B1F7045E200C49A70 /* Main.storyboard */ = {
			isa = PBXVariantGroup;
			children = (
				28BB2F5C1F7045E200C49A70 /* Base */,
			);
			name = Main.storyboard;
			sourceTree = "<group>";
		};
		28BB2F601F7045E200C49A70 /* LaunchScreen.storyboard */ = {
			isa = PBXVariantGroup;
			children = (
				28BB2F611F7045E200C49A70 /* Base */,
			);
			name = LaunchScreen.storyboard;
			sourceTree = "<group>";
		};
/* End PBXVariantGroup section */

/* Begin XCBuildConfiguration section */
		28BB2F6F1F7045E200C49A70 /* Debug */ = {
			isa = XCBuildConfiguration;
			buildSettings = {
				ALWAYS_SEARCH_USER_PATHS = NO;
				CLANG_ANALYZER_NONNULL = YES;
				CLANG_ANALYZER_NUMBER_OBJECT_CONVERSION = YES_AGGRESSIVE;
				CLANG_CXX_LANGUAGE_STANDARD = "gnu++0x";
				CLANG_CXX_LIBRARY = "libc++";
				CLANG_ENABLE_MODULES = YES;
				CLANG_ENABLE_OBJC_ARC = YES;
				CLANG_WARN_BOOL_CONVERSION = YES;
				CLANG_WARN_CONSTANT_CONVERSION = YES;
				CLANG_WARN_DIRECT_OBJC_ISA_USAGE = YES_ERROR;
				CLANG_WARN_DOCUMENTATION_COMMENTS = YES;
				CLANG_WARN_EMPTY_BODY = YES;
				CLANG_WARN_ENUM_CONVERSION = YES;
				CLANG_WARN_INFINITE_RECURSION = YES;
				CLANG_WARN_INT_CONVERSION = YES;
				CLANG_WARN_OBJC_ROOT_CLASS = YES_ERROR;
				CLANG_WARN_SUSPICIOUS_MOVE = YES;
				CLANG_WARN_UNREACHABLE_CODE = YES;
				CLANG_WARN__DUPLICATE_METHOD_MATCH = YES;
				"CODE_SIGN_IDENTITY[sdk=iphoneos*]" = "iPhone Developer";
				COPY_PHASE_STRIP = NO;
				DEBUG_INFORMATION_FORMAT = dwarf;
				ENABLE_STRICT_OBJC_MSGSEND = YES;
				ENABLE_TESTABILITY = YES;
				GCC_C_LANGUAGE_STANDARD = gnu99;
				GCC_DYNAMIC_NO_PIC = NO;
				GCC_NO_COMMON_BLOCKS = YES;
				GCC_OPTIMIZATION_LEVEL = 0;
				GCC_PREPROCESSOR_DEFINITIONS = (
					"DEBUG=1",
					"$(inherited)",
				);
				GCC_WARN_64_TO_32_BIT_CONVERSION = YES;
				GCC_WARN_ABOUT_RETURN_TYPE = YES_ERROR;
				GCC_WARN_UNDECLARED_SELECTOR = YES;
				GCC_WARN_UNINITIALIZED_AUTOS = YES_AGGRESSIVE;
				GCC_WARN_UNUSED_FUNCTION = YES;
				GCC_WARN_UNUSED_VARIABLE = YES;
				IPHONEOS_DEPLOYMENT_TARGET = 10.3;
				MTL_ENABLE_DEBUG_INFO = YES;
				ONLY_ACTIVE_ARCH = YES;
				SDKROOT = iphoneos;
				SWIFT_ACTIVE_COMPILATION_CONDITIONS = DEBUG;
				SWIFT_OPTIMIZATION_LEVEL = "-Onone";
				TARGETED_DEVICE_FAMILY = "1,2";
			};
			name = Debug;
		};
		28BB2F701F7045E200C49A70 /* Release */ = {
			isa = XCBuildConfiguration;
			buildSettings = {
				ALWAYS_SEARCH_USER_PATHS = NO;
				CLANG_ANALYZER_NONNULL = YES;
				CLANG_ANALYZER_NUMBER_OBJECT_CONVERSION = YES_AGGRESSIVE;
				CLANG_CXX_LANGUAGE_STANDARD = "gnu++0x";
				CLANG_CXX_LIBRARY = "libc++";
				CLANG_ENABLE_MODULES = YES;
				CLANG_ENABLE_OBJC_ARC = YES;
				CLANG_WARN_BOOL_CONVERSION = YES;
				CLANG_WARN_CONSTANT_CONVERSION = YES;
				CLANG_WARN_DIRECT_OBJC_ISA_USAGE = YES_ERROR;
				CLANG_WARN_DOCUMENTATION_COMMENTS = YES;
				CLANG_WARN_EMPTY_BODY = YES;
				CLANG_WARN_ENUM_CONVERSION = YES;
				CLANG_WARN_INFINITE_RECURSION = YES;
				CLANG_WARN_INT_CONVERSION = YES;
				CLANG_WARN_OBJC_ROOT_CLASS = YES_ERROR;
				CLANG_WARN_SUSPICIOUS_MOVE = YES;
				CLANG_WARN_UNREACHABLE_CODE = YES;
				CLANG_WARN__DUPLICATE_METHOD_MATCH = YES;
				"CODE_SIGN_IDENTITY[sdk=iphoneos*]" = "iPhone Developer";
				COPY_PHASE_STRIP = NO;
				DEBUG_INFORMATION_FORMAT = "dwarf-with-dsym";
				ENABLE_NS_ASSERTIONS = NO;
				ENABLE_STRICT_OBJC_MSGSEND = YES;
				GCC_C_LANGUAGE_STANDARD = gnu99;
				GCC_NO_COMMON_BLOCKS = YES;
				GCC_WARN_64_TO_32_BIT_CONVERSION = YES;
				GCC_WARN_ABOUT_RETURN_TYPE = YES_ERROR;
				GCC_WARN_UNDECLARED_SELECTOR = YES;
				GCC_WARN_UNINITIALIZED_AUTOS = YES_AGGRESSIVE;
				GCC_WARN_UNUSED_FUNCTION = YES;
				GCC_WARN_UNUSED_VARIABLE = YES;
				IPHONEOS_DEPLOYMENT_TARGET = 10.3;
				MTL_ENABLE_DEBUG_INFO = NO;
				SDKROOT = iphoneos;
				SWIFT_OPTIMIZATION_LEVEL = "-Owholemodule";
				TARGETED_DEVICE_FAMILY = "1,2";
				VALIDATE_PRODUCT = YES;
			};
			name = Release;
		};
		28BB2F721F7045E200C49A70 /* Debug */ = {
			isa = XCBuildConfiguration;
			buildSettings = {
				ASSETCATALOG_COMPILER_APPICON_NAME = AppIcon;
				INFOPLIST_FILE = Books/Info.plist;
				LD_RUNPATH_SEARCH_PATHS = "$(inherited) @executable_path/Frameworks";
				PRODUCT_BUNDLE_IDENTIFIER = DI.Books;
				PRODUCT_NAME = "$(TARGET_NAME)";
				SWIFT_VERSION = 3.0;
			};
			name = Debug;
		};
		28BB2F731F7045E200C49A70 /* Release */ = {
			isa = XCBuildConfiguration;
			buildSettings = {
				ASSETCATALOG_COMPILER_APPICON_NAME = AppIcon;
				INFOPLIST_FILE = Books/Info.plist;
				LD_RUNPATH_SEARCH_PATHS = "$(inherited) @executable_path/Frameworks";
				PRODUCT_BUNDLE_IDENTIFIER = DI.Books;
				PRODUCT_NAME = "$(TARGET_NAME)";
				SWIFT_VERSION = 3.0;
			};
			name = Release;
		};
		28BB2F751F7045E200C49A70 /* Debug */ = {
			isa = XCBuildConfiguration;
			buildSettings = {
				ALWAYS_EMBED_SWIFT_STANDARD_LIBRARIES = YES;
				BUNDLE_LOADER = "$(TEST_HOST)";
				INFOPLIST_FILE = BooksTests/Info.plist;
				LD_RUNPATH_SEARCH_PATHS = "$(inherited) @executable_path/Frameworks @loader_path/Frameworks";
				PRODUCT_BUNDLE_IDENTIFIER = DI.BooksTests;
				PRODUCT_NAME = "$(TARGET_NAME)";
				SWIFT_VERSION = 3.0;
				TEST_HOST = "$(BUILT_PRODUCTS_DIR)/Books.app/Books";
			};
			name = Debug;
		};
		28BB2F761F7045E200C49A70 /* Release */ = {
			isa = XCBuildConfiguration;
			buildSettings = {
				ALWAYS_EMBED_SWIFT_STANDARD_LIBRARIES = YES;
				BUNDLE_LOADER = "$(TEST_HOST)";
				INFOPLIST_FILE = BooksTests/Info.plist;
				LD_RUNPATH_SEARCH_PATHS = "$(inherited) @executable_path/Frameworks @loader_path/Frameworks";
				PRODUCT_BUNDLE_IDENTIFIER = DI.BooksTests;
				PRODUCT_NAME = "$(TARGET_NAME)";
				SWIFT_VERSION = 3.0;
				TEST_HOST = "$(BUILT_PRODUCTS_DIR)/Books.app/Books";
			};
			name = Release;
		};
/* End XCBuildConfiguration section */

/* Begin XCConfigurationList section */
		28BB2F4F1F7045E200C49A70 /* Build configuration list for PBXProject "Books" */ = {
			isa = XCConfigurationList;
			buildConfigurations = (
				28BB2F6F1F7045E200C49A70 /* Debug */,
				28BB2F701F7045E200C49A70 /* Release */,
			);
			defaultConfigurationIsVisible = 0;
			defaultConfigurationName = Release;
		};
		28BB2F711F7045E200C49A70 /* Build configuration list for PBXNativeTarget "Books" */ = {
			isa = XCConfigurationList;
			buildConfigurations = (
				28BB2F721F7045E200C49A70 /* Debug */,
				28BB2F731F7045E200C49A70 /* Release */,
			);
			defaultConfigurationIsVisible = 0;
			defaultConfigurationName = Release;
		};
		28BB2F741F7045E200C49A70 /* Build configuration list for PBXNativeTarget "BooksTests" */ = {
			isa = XCConfigurationList;
			buildConfigurations = (
				28BB2F751F7045E200C49A70 /* Debug */,
				28BB2F761F7045E200C49A70 /* Release */,
			);
			defaultConfigurationIsVisible = 0;
			defaultConfigurationName = Release;
		};
/* End XCConfigurationList section */
	};
	rootObject = 28BB2F4C1F7045E200C49A70 /* Project object */;
}
